{
  "name": "hstack",
  "version": "1.0.0",
  "lockfileVersion": 3,
  "requires": true,
  "packages": {
    "": {
      "name": "hstack",
      "version": "1.0.0",
      "license": "ISC",
      "dependencies": {
        "@varlock/bitwarden-plugin": "^0.0.4",
        "varlock": "^0.5.0"
      }
    },
    "node_modules/@varlock/bitwarden-plugin": {
      "version": "0.0.4",
      "resolved": "https://registry.npmjs.org/@varlock/bitwarden-plugin/-/bitwarden-plugin-0.0.4.tgz",
      "integrity": "sha512-vHIu+Bl3l5B9O/J6C6rQsKYi91LaQkrgxirbO1IIibb4FGkPb7yXCv4hQhI9mqjfInNvPe1pQe6QWmiTqtoIbQ==",
      "license": "MIT",
      "engines": {
        "node": ">=22"
      },
      "peerDependencies": {
        "varlock": "^0.5.0"
      }
    },
    "node_modules/varlock": {
      "version": "0.5.0",
      "resolved": "https://registry.npmjs.org/varlock/-/varlock-0.5.0.tgz",
      "integrity": "sha512-jfFNdzK+pznQWyp6eHv7X3iImEmNG7KaGZL2sQJxTlifxRtIwgNknLKmds8zPUhUMdcCybhJy52lewgscu8pkg==",
      "license": "MIT",
      "bin": {
        "varlock": "bin/cli.js"
      },
      "engines": {
        "bun": ">=1.3.3",
        "node": ">=22"
      }
    }
  }
}
